
Microsoft Visual Studio Solution File, Format Version 12.00
# Visual Studio Version 16
VisualStudioVersion = 16.0.30907.101
MinimumVisualStudioVersion = 10.0.40219.1
Project("{FAE04EC0-301F-11D3-BF4B-00C04F79EFBC}") = "AppointmentApp", "AppointmentApp.csproj", "{0966C670-D1AD-4F48-8AD7-8AA2FE43DEE0}"
EndProject
Global
	GlobalSection(SolutionConfigurationPlatforms) = preSolution
		Debug|Any CPU = Debug|Any CPU
		Release|Any CPU = Release|Any CPU
	EndGlobalSection
	GlobalSection(ProjectConfigurationPlatforms) = postSolution
		{0966C670-D1AD-4F48-8AD7-8AA2FE43DEE0}.Debug|Any CPU.ActiveCfg = Debug|Any CPU
		{0966C670-D1AD-4F48-8AD7-8AA2FE43DEE0}.Debug|Any CPU.Build.0 = Debug|Any CPU
		{0966C670-D1AD-4F48-8AD7-8AA2FE43DEE0}.Release|Any CPU.ActiveCfg = Release|Any CPU
		{0966C670-D1AD-4F48-8AD7-8AA2FE43DEE0}.Release|Any CPU.Build.0 = Release|Any CPU
	EndGlobalSection
	GlobalSection(SolutionProperties) = preSolution
		HideSolutionNode = FALSE
	EndGlobalSection
	GlobalSection(ExtensibilityGlobals) = postSolution
		SolutionGuid = {3BAC304B-DDE3-4A30-BE28-CF0C10C52A5E}
	EndGlobalSection
EndGlobal
